
Microsoft Visual Studio Solution File, Format Version 12.00
# Visual Studio Version 17
VisualStudioVersion = 17.1.32319.34
MinimumVisualStudioVersion = 10.0.40219.1
Project("{FAE04EC0-301F-11D3-BF4B-00C04F79EFBC}") = "EmailSender", "EmailSender\EmailSender.csproj", "{51345154-4D1C-4881-A268-683453DF1E72}"
EndProject
Global
	GlobalSection(SolutionConfigurationPlatforms) = preSolution
		Debug|Any CPU = Debug|Any CPU
		Release|Any CPU = Release|Any CPU
	EndGlobalSection
	GlobalSection(ProjectConfigurationPlatforms) = postSolution
		{51345154-4D1C-4881-A268-683453DF1E72}.Debug|Any CPU.ActiveCfg = Debug|Any CPU
		{51345154-4D1C-4881-A268-683453DF1E72}.Debug|Any CPU.Build.0 = Debug|Any CPU
		{51345154-4D1C-4881-A268-683453DF1E72}.Release|Any CPU.ActiveCfg = Release|Any CPU
		{51345154-4D1C-4881-A268-683453DF1E72}.Release|Any CPU.Build.0 = Release|Any CPU
	EndGlobalSection
	GlobalSection(SolutionProperties) = preSolution
		HideSolutionNode = FALSE
	EndGlobalSection
	GlobalSection(ExtensibilityGlobals) = postSolution
		SolutionGuid = {81848112-CADC-4F80-9167-4DCB036B1829}
	EndGlobalSection
EndGlobal
